connectrpc.com/connect v1.18.1 h1:PAg7CjSAGvscaf6YZKUefjoih5Z/qYkyaTrBW8xvYPw=
connectrpc.com/connect v1.18.1/go.mod h1:0292hj1rnx8oFrStN7cB4jjVBeqs+Yx5yDIC2prWDO8=
github.com/coder/websocket v1.8.12 h1:5bUXkEPPIbewrnkU8LTCLVaxi4N4J8ahufH2vlo4NAo=
github.com/coder/websocket v1.8.12/go.mod h1:LNVeNrXQZfe5qhS9ALED3uA+l5pPqvwXg3CKoDBB2gs=
github.com/gabriel-vasile/mimetype v1.4.6 h1:3+PzJTKLkvgjeTbts6msPJt4DixhT4YtFNf1gtGe3zc=
github.com/gabriel-vasile/mimetype v1.4.6/go.mod h1:JX1qVKqZd40hUPpAfiNTe0Sne7hdfKSbOqqmkq8GCXc=
github.com/google/go-cmp v0.7.0 h1:wk8382ETsv4JYUZwIsn6YpYiWiBsYLSJiTsyBybVuN8=
github.com/google/go-cmp v0.7.0/go.mod h1:pXiqmnSA92OHEEa9HXL2W4E7lf9JzCmGVUdgjX3N/iU=
golang.org/x/net v0.41.0 h1:vBTly1HeNPEn3wtREYfy4GZ/NECgw2Cnl+nK6Nz3uvw=
golang.org/x/net v0.41.0/go.mod h1:B/K4NNqkfmg07DQYrbwvSluqCJOOXwUjeb/5lOisjbA=
golang.org/x/text v0.36.0 h1:JfKh3XmcRPqZPKevfXVpI1wXPTqbkE5f7JA92a55Yxg=
golang.org/x/text v0.36.0/go.mod h1:NIdBknypM8iqVmPiuco0Dh6P5Jcdk8lJL0CUebqK164=
google.golang.org/protobuf v1.36.6 h1:z1NpPI8ku2WgiWnf+t9wTPsn6eP1L7ksHUlkfLvd9xY=
google.golang.org/protobuf v1.36.6/go.mod h1:jduwjTPXsFjZGTmRluh+L6NjiWu7pchiJ2/5YcXBHnY=
wasi.team/broker v0.0.0-20260204132030-21fbe9efdf9d h1:LK5V9VQauCDJPiCOc0udPj0Vq38C8+0lMgLypMbkyjk=
wasi.team/broker v0.0.0-20260204132030-21fbe9efdf9d/go.mod h1:FWyKX4QhT7Tym+8NwPmCUOwE8jstI5Q7HMqWVyT2ZmY=
wasi.team/client v0.0.0-20260204132030-21fbe9efdf9d h1:sN/2nq1mr0lwXD279m39pmBTLjmpOU26/zogkHvGY9A=
wasi.team/client v0.0.0-20260204132030-21fbe9efdf9d/go.mod h1:HBaXK1MwdcqN5FmR4LKJIqWqwqRgDsK6fF1OADkTKIA=
wasi.team/proto v0.0.0-20260204132030-21fbe9efdf9d h1:ZBgMCvOVxANv/jvhhA495zYahcnFTjZkVBQfJNGs2hc=
wasi.team/proto v0.0.0-20260204132030-21fbe9efdf9d/go.mod h1:L5S+QSKWho4CiBAbNIq024Dyskw2oQsWzsbNk+1GJR0=
